
Microsoft Visual Studio Solution File, Format Version 12.00
# Visual Studio Version 16
VisualStudioVersion = 16.0.31005.135
MinimumVisualStudioVersion = 10.0.40219.1
Project("{FAE04EC0-301F-11D3-BF4B-00C04F79EFBC}") = "MementoPattern", "MementoPattern\MementoPattern.csproj", "{C4D4FAF7-81CB-45F6-A4F9-539C796FDB5B}"
EndProject
Global
	GlobalSection(SolutionConfigurationPlatforms) = preSolution
		Debug|Any CPU = Debug|Any CPU
		Release|Any CPU = Release|Any CPU
	EndGlobalSection
	GlobalSection(ProjectConfigurationPlatforms) = postSolution
		{C4D4FAF7-81CB-45F6-A4F9-539C796FDB5B}.Debug|Any CPU.ActiveCfg = Debug|Any CPU
		{C4D4FAF7-81CB-45F6-A4F9-539C796FDB5B}.Debug|Any CPU.Build.0 = Debug|Any CPU
		{C4D4FAF7-81CB-45F6-A4F9-539C796FDB5B}.Release|Any CPU.ActiveCfg = Release|Any CPU
		{C4D4FAF7-81CB-45F6-A4F9-539C796FDB5B}.Release|Any CPU.Build.0 = Release|Any CPU
	EndGlobalSection
	GlobalSection(SolutionProperties) = preSolution
		HideSolutionNode = FALSE
	EndGlobalSection
	GlobalSection(ExtensibilityGlobals) = postSolution
		SolutionGuid = {02B603BA-DFC6-4417-B403-FB0A78754E48}
	EndGlobalSection
EndGlobal
